
Microsoft Visual Studio Solution File, Format Version 12.00
# Visual Studio Version 17
VisualStudioVersion = 17.3.32825.248
MinimumVisualStudioVersion = 10.0.40219.1
Project("{9A19103F-16F7-4668-BE54-9A1E7A4F7556}") = "AppAPI.Web", "AppAPI.Web.csproj", "{6856E6F4-5D81-4BFA-9E5C-749FFC22A180}"
EndProject
Project("{FAE04EC0-301F-11D3-BF4B-00C04F79EFBC}") = "AppAPI.DAL", "..\AppAPI.DAL\AppAPI.DAL.csproj", "{912A9194-FCC8-4789-BC37-967323C79FFC}"
EndProject
Project("{FAE04EC0-301F-11D3-BF4B-00C04F79EFBC}") = "AppAPI.BLL", "..\AppAPI.BLL\AppAPI.BLL.csproj", "{ADFE7268-9443-40D6-B190-8C80EFE46BAA}"
EndProject
Project("{FAE04EC0-301F-11D3-BF4B-00C04F79EFBC}") = "AppAPI.Entity", "..\AppAPI.Entity\AppAPI.Entity.csproj", "{E3F8DBED-BB35-4F84-B5F7-6E77114413D0}"
EndProject
Global
	GlobalSection(SolutionConfigurationPlatforms) = preSolution
		Debug|Any CPU = Debug|Any CPU
		Release|Any CPU = Release|Any CPU
	EndGlobalSection
	GlobalSection(ProjectConfigurationPlatforms) = postSolution
		{6856E6F4-5D81-4BFA-9E5C-749FFC22A180}.Debug|Any CPU.ActiveCfg = Debug|Any CPU
		{6856E6F4-5D81-4BFA-9E5C-749FFC22A180}.Debug|Any CPU.Build.0 = Debug|Any CPU
		{6856E6F4-5D81-4BFA-9E5C-749FFC22A180}.Release|Any CPU.ActiveCfg = Release|Any CPU
		{6856E6F4-5D81-4BFA-9E5C-749FFC22A180}.Release|Any CPU.Build.0 = Release|Any CPU
		{912A9194-FCC8-4789-BC37-967323C79FFC}.Debug|Any CPU.ActiveCfg = Debug|Any CPU
		{912A9194-FCC8-4789-BC37-967323C79FFC}.Debug|Any CPU.Build.0 = Debug|Any CPU
		{912A9194-FCC8-4789-BC37-967323C79FFC}.Release|Any CPU.ActiveCfg = Release|Any CPU
		{912A9194-FCC8-4789-BC37-967323C79FFC}.Release|Any CPU.Build.0 = Release|Any CPU
		{ADFE7268-9443-40D6-B190-8C80EFE46BAA}.Debug|Any CPU.ActiveCfg = Debug|Any CPU
		{ADFE7268-9443-40D6-B190-8C80EFE46BAA}.Debug|Any CPU.Build.0 = Debug|Any CPU
		{ADFE7268-9443-40D6-B190-8C80EFE46BAA}.Release|Any CPU.ActiveCfg = Release|Any CPU
		{ADFE7268-9443-40D6-B190-8C80EFE46BAA}.Release|Any CPU.Build.0 = Release|Any CPU
		{E3F8DBED-BB35-4F84-B5F7-6E77114413D0}.Debug|Any CPU.ActiveCfg = Debug|Any CPU
		{E3F8DBED-BB35-4F84-B5F7-6E77114413D0}.Debug|Any CPU.Build.0 = Debug|Any CPU
		{E3F8DBED-BB35-4F84-B5F7-6E77114413D0}.Release|Any CPU.ActiveCfg = Release|Any CPU
		{E3F8DBED-BB35-4F84-B5F7-6E77114413D0}.Release|Any CPU.Build.0 = Release|Any CPU
	EndGlobalSection
	GlobalSection(SolutionProperties) = preSolution
		HideSolutionNode = FALSE
	EndGlobalSection
	GlobalSection(ExtensibilityGlobals) = postSolution
		SolutionGuid = {2AA56109-8FB3-489E-B64B-74447C62C431}
	EndGlobalSection
EndGlobal
