
Microsoft Visual Studio Solution File, Format Version 12.00
# Visual Studio Version 17
VisualStudioVersion = 17.3.32825.248
MinimumVisualStudioVersion = 10.0.40219.1
Project("{FAE04EC0-301F-11D3-BF4B-00C04F79EFBC}") = "AppAPI.Web", "AppAPI.Web.csproj", "{6856E6F4-5D81-4BFA-9E5C-749FFC22A180}"
EndProject
Global
	GlobalSection(SolutionConfigurationPlatforms) = preSolution
		Debug|Any CPU = Debug|Any CPU
		Release|Any CPU = Release|Any CPU
	EndGlobalSection
	GlobalSection(ProjectConfigurationPlatforms) = postSolution
		{6856E6F4-5D81-4BFA-9E5C-749FFC22A180}.Debug|Any CPU.ActiveCfg = Debug|Any CPU
		{6856E6F4-5D81-4BFA-9E5C-749FFC22A180}.Debug|Any CPU.Build.0 = Debug|Any CPU
		{6856E6F4-5D81-4BFA-9E5C-749FFC22A180}.Release|Any CPU.ActiveCfg = Release|Any CPU
		{6856E6F4-5D81-4BFA-9E5C-749FFC22A180}.Release|Any CPU.Build.0 = Release|Any CPU
	EndGlobalSection
	GlobalSection(SolutionProperties) = preSolution
		HideSolutionNode = FALSE
	EndGlobalSection
	GlobalSection(ExtensibilityGlobals) = postSolution
		SolutionGuid = {2AA56109-8FB3-489E-B64B-74447C62C431}
	EndGlobalSection
EndGlobal
